
Microsoft Visual Studio Solution File, Format Version 12.00
# Visual Studio Version 17
VisualStudioVersion = 17.10.34902.84
MinimumVisualStudioVersion = 10.0.40219.1
Project("{2150E333-8FDC-42A3-9474-1A3956D46DE8}") = "Services", "Services", "{A0FD4A48-9626-459D-829E-7AEFCC835E16}"
EndProject
Project("{2150E333-8FDC-42A3-9474-1A3956D46DE8}") = "Catalog", "Catalog", "{8D0DE0CF-A745-4948-833D-49F5B6B87718}"
EndProject
Project("{9A19103F-16F7-4668-BE54-9A1E7A4F7556}") = "Catalog.API", "Services\Catalog\Catalog.API\Catalog.API.csproj", "{5426CFDA-4F8A-4F5D-BBEA-185F4ABADF6A}"
EndProject
Project("{9A19103F-16F7-4668-BE54-9A1E7A4F7556}") = "Catalog.Application", "Services\Catalog\Catalog.Application\Catalog.Application.csproj", "{BDFACB74-F85C-4FB4-B6C0-082B481401AE}"
EndProject
Project("{9A19103F-16F7-4668-BE54-9A1E7A4F7556}") = "Catalog.Core", "Services\Catalog\Catalog.Core\Catalog.Core.csproj", "{E08F87DF-3AF6-49C1-8DC3-7FD3E24666B7}"
EndProject
Project("{9A19103F-16F7-4668-BE54-9A1E7A4F7556}") = "Catalog.Infrastructure", "Services\Catalog\Catalog.Infrastructure\Catalog.Infrastructure.csproj", "{B2980CCD-5609-4D53-A61C-6879B79A255F}"
EndProject
Project("{E53339B2-1760-4266-BCC7-CA923CBCF16C}") = "docker-compose", "docker-compose.dcproj", "{344A671E-CAFD-4F32-96E5-F568773E2D7E}"
EndProject
Project("{2150E333-8FDC-42A3-9474-1A3956D46DE8}") = "Basket", "Basket", "{902D1DEB-682B-46A9-9F62-A6092CF2938B}"
EndProject
Project("{9A19103F-16F7-4668-BE54-9A1E7A4F7556}") = "Basket.Application", "Services\Basket\Basket.Application\Basket.Application.csproj", "{C4FA24DA-E410-40E8-8088-C61100D7CC7D}"
EndProject
Project("{9A19103F-16F7-4668-BE54-9A1E7A4F7556}") = "Basket.Core", "Services\Basket\Basket.Core\Basket.Core.csproj", "{23B8E7F0-5C33-4875-93DB-5A71B0460C16}"
EndProject
Project("{9A19103F-16F7-4668-BE54-9A1E7A4F7556}") = "Basket.Infrastructure", "Services\Basket\Basket.Infrastructure\Basket.Infrastructure.csproj", "{A26A1851-7226-45E3-B206-052F6693513C}"
EndProject
Project("{9A19103F-16F7-4668-BE54-9A1E7A4F7556}") = "Basket.API", "Services\Basket\Basket.Api\Basket.API.csproj", "{21E74C3C-DD7D-4270-A136-395166688DB8}"
EndProject
Project("{2150E333-8FDC-42A3-9474-1A3956D46DE8}") = "Discount", "Discount", "{9BC71CB2-D8FB-473B-9C55-70F5D066EB16}"
EndProject
Project("{9A19103F-16F7-4668-BE54-9A1E7A4F7556}") = "Discount.API", "Services\Discount\Discount.API\Discount.API.csproj", "{8625D15C-E918-4C1A-8C35-615B61535D4F}"
EndProject
Project("{9A19103F-16F7-4668-BE54-9A1E7A4F7556}") = "Discount.Core", "Services\Discount\Discount.Core\Discount.Core.csproj", "{1BBACA1A-6E14-4ECB-A2AA-15D65EC417BD}"
EndProject
Project("{9A19103F-16F7-4668-BE54-9A1E7A4F7556}") = "Discount.Application", "Services\Discount\Discount.Application\Discount.Application.csproj", "{AE1ADE19-6EC3-46E0-96E7-EA41003BD6C6}"
EndProject
Project("{9A19103F-16F7-4668-BE54-9A1E7A4F7556}") = "Discount.Infrastructure", "Services\Discount\Discount.Infrastructure\Discount.Infrastructure.csproj", "{0BDC1EB5-8767-4DA2-9817-4E310E65F714}"
EndProject
Project("{9A19103F-16F7-4668-BE54-9A1E7A4F7556}") = "DiscountGrpcClient", "Services\Basket\DiscountGrpcClient\DiscountGrpcClient.csproj", "{BEA15324-E030-4E5E-A41D-D76F9B374534}"
EndProject
Project("{2150E333-8FDC-42A3-9474-1A3956D46DE8}") = "Ordering", "Ordering", "{40CBB7A1-A4E8-40B4-B4D0-BC587A802674}"
EndProject
Project("{FAE04EC0-301F-11D3-BF4B-00C04F79EFBC}") = "Ordering.API", "Services\Ordering\Ordering.API\Ordering.API.csproj", "{12C3C747-5FCE-4DAA-8C83-F60C8F4E2C65}"
EndProject
Project("{FAE04EC0-301F-11D3-BF4B-00C04F79EFBC}") = "Ordering.Core", "Services\Ordering\Ordering.Core\Ordering.Core.csproj", "{B1D82709-35B5-4388-A321-3CAB1EE78906}"
EndProject
Project("{FAE04EC0-301F-11D3-BF4B-00C04F79EFBC}") = "Ordering.Application", "Services\Ordering\Ordering.Application\Ordering.Application.csproj", "{A215E36A-80A1-4D64-A4B1-3C702EF9928B}"
EndProject
Project("{FAE04EC0-301F-11D3-BF4B-00C04F79EFBC}") = "Ordering.Infrastructure", "Services\Ordering\Ordering.Infrastructure\Ordering.Infrastructure.csproj", "{34E2201C-FBCE-4861-B8BB-474D2768F9C3}"
EndProject
Global
	GlobalSection(SolutionConfigurationPlatforms) = preSolution
		Debug|Any CPU = Debug|Any CPU
		Release|Any CPU = Release|Any CPU
	EndGlobalSection
	GlobalSection(ProjectConfigurationPlatforms) = postSolution
		{5426CFDA-4F8A-4F5D-BBEA-185F4ABADF6A}.Debug|Any CPU.ActiveCfg = Debug|Any CPU
		{5426CFDA-4F8A-4F5D-BBEA-185F4ABADF6A}.Debug|Any CPU.Build.0 = Debug|Any CPU
		{5426CFDA-4F8A-4F5D-BBEA-185F4ABADF6A}.Release|Any CPU.ActiveCfg = Release|Any CPU
		{5426CFDA-4F8A-4F5D-BBEA-185F4ABADF6A}.Release|Any CPU.Build.0 = Release|Any CPU
		{BDFACB74-F85C-4FB4-B6C0-082B481401AE}.Debug|Any CPU.ActiveCfg = Debug|Any CPU
		{BDFACB74-F85C-4FB4-B6C0-082B481401AE}.Debug|Any CPU.Build.0 = Debug|Any CPU
		{BDFACB74-F85C-4FB4-B6C0-082B481401AE}.Release|Any CPU.ActiveCfg = Release|Any CPU
		{BDFACB74-F85C-4FB4-B6C0-082B481401AE}.Release|Any CPU.Build.0 = Release|Any CPU
		{E08F87DF-3AF6-49C1-8DC3-7FD3E24666B7}.Debug|Any CPU.ActiveCfg = Debug|Any CPU
		{E08F87DF-3AF6-49C1-8DC3-7FD3E24666B7}.Debug|Any CPU.Build.0 = Debug|Any CPU
		{E08F87DF-3AF6-49C1-8DC3-7FD3E24666B7}.Release|Any CPU.ActiveCfg = Release|Any CPU
		{E08F87DF-3AF6-49C1-8DC3-7FD3E24666B7}.Release|Any CPU.Build.0 = Release|Any CPU
		{B2980CCD-5609-4D53-A61C-6879B79A255F}.Debug|Any CPU.ActiveCfg = Debug|Any CPU
		{B2980CCD-5609-4D53-A61C-6879B79A255F}.Debug|Any CPU.Build.0 = Debug|Any CPU
		{B2980CCD-5609-4D53-A61C-6879B79A255F}.Release|Any CPU.ActiveCfg = Release|Any CPU
		{B2980CCD-5609-4D53-A61C-6879B79A255F}.Release|Any CPU.Build.0 = Release|Any CPU
		{344A671E-CAFD-4F32-96E5-F568773E2D7E}.Debug|Any CPU.ActiveCfg = Debug|Any CPU
		{344A671E-CAFD-4F32-96E5-F568773E2D7E}.Debug|Any CPU.Build.0 = Debug|Any CPU
		{344A671E-CAFD-4F32-96E5-F568773E2D7E}.Release|Any CPU.ActiveCfg = Release|Any CPU
		{344A671E-CAFD-4F32-96E5-F568773E2D7E}.Release|Any CPU.Build.0 = Release|Any CPU
		{C4FA24DA-E410-40E8-8088-C61100D7CC7D}.Debug|Any CPU.ActiveCfg = Debug|Any CPU
		{C4FA24DA-E410-40E8-8088-C61100D7CC7D}.Debug|Any CPU.Build.0 = Debug|Any CPU
		{C4FA24DA-E410-40E8-8088-C61100D7CC7D}.Release|Any CPU.ActiveCfg = Release|Any CPU
		{C4FA24DA-E410-40E8-8088-C61100D7CC7D}.Release|Any CPU.Build.0 = Release|Any CPU
		{23B8E7F0-5C33-4875-93DB-5A71B0460C16}.Debug|Any CPU.ActiveCfg = Debug|Any CPU
		{23B8E7F0-5C33-4875-93DB-5A71B0460C16}.Debug|Any CPU.Build.0 = Debug|Any CPU
		{23B8E7F0-5C33-4875-93DB-5A71B0460C16}.Release|Any CPU.ActiveCfg = Release|Any CPU
		{23B8E7F0-5C33-4875-93DB-5A71B0460C16}.Release|Any CPU.Build.0 = Release|Any CPU
		{A26A1851-7226-45E3-B206-052F6693513C}.Debug|Any CPU.ActiveCfg = Debug|Any CPU
		{A26A1851-7226-45E3-B206-052F6693513C}.Debug|Any CPU.Build.0 = Debug|Any CPU
		{A26A1851-7226-45E3-B206-052F6693513C}.Release|Any CPU.ActiveCfg = Release|Any CPU
		{A26A1851-7226-45E3-B206-052F6693513C}.Release|Any CPU.Build.0 = Release|Any CPU
		{21E74C3C-DD7D-4270-A136-395166688DB8}.Debug|Any CPU.ActiveCfg = Debug|Any CPU
		{21E74C3C-DD7D-4270-A136-395166688DB8}.Debug|Any CPU.Build.0 = Debug|Any CPU
		{21E74C3C-DD7D-4270-A136-395166688DB8}.Release|Any CPU.ActiveCfg = Release|Any CPU
		{21E74C3C-DD7D-4270-A136-395166688DB8}.Release|Any CPU.Build.0 = Release|Any CPU
		{8625D15C-E918-4C1A-8C35-615B61535D4F}.Debug|Any CPU.ActiveCfg = Debug|Any CPU
		{8625D15C-E918-4C1A-8C35-615B61535D4F}.Debug|Any CPU.Build.0 = Debug|Any CPU
		{8625D15C-E918-4C1A-8C35-615B61535D4F}.Release|Any CPU.ActiveCfg = Release|Any CPU
		{8625D15C-E918-4C1A-8C35-615B61535D4F}.Release|Any CPU.Build.0 = Release|Any CPU
		{1BBACA1A-6E14-4ECB-A2AA-15D65EC417BD}.Debug|Any CPU.ActiveCfg = Debug|Any CPU
		{1BBACA1A-6E14-4ECB-A2AA-15D65EC417BD}.Debug|Any CPU.Build.0 = Debug|Any CPU
		{1BBACA1A-6E14-4ECB-A2AA-15D65EC417BD}.Release|Any CPU.ActiveCfg = Release|Any CPU
		{1BBACA1A-6E14-4ECB-A2AA-15D65EC417BD}.Release|Any CPU.Build.0 = Release|Any CPU
		{AE1ADE19-6EC3-46E0-96E7-EA41003BD6C6}.Debug|Any CPU.ActiveCfg = Debug|Any CPU
		{AE1ADE19-6EC3-46E0-96E7-EA41003BD6C6}.Debug|Any CPU.Build.0 = Debug|Any CPU
		{AE1ADE19-6EC3-46E0-96E7-EA41003BD6C6}.Release|Any CPU.ActiveCfg = Release|Any CPU
		{AE1ADE19-6EC3-46E0-96E7-EA41003BD6C6}.Release|Any CPU.Build.0 = Release|Any CPU
		{0BDC1EB5-8767-4DA2-9817-4E310E65F714}.Debug|Any CPU.ActiveCfg = Debug|Any CPU
		{0BDC1EB5-8767-4DA2-9817-4E310E65F714}.Debug|Any CPU.Build.0 = Debug|Any CPU
		{0BDC1EB5-8767-4DA2-9817-4E310E65F714}.Release|Any CPU.ActiveCfg = Release|Any CPU
		{0BDC1EB5-8767-4DA2-9817-4E310E65F714}.Release|Any CPU.Build.0 = Release|Any CPU
		{BEA15324-E030-4E5E-A41D-D76F9B374534}.Debug|Any CPU.ActiveCfg = Debug|Any CPU
		{BEA15324-E030-4E5E-A41D-D76F9B374534}.Debug|Any CPU.Build.0 = Debug|Any CPU
		{BEA15324-E030-4E5E-A41D-D76F9B374534}.Release|Any CPU.ActiveCfg = Release|Any CPU
		{BEA15324-E030-4E5E-A41D-D76F9B374534}.Release|Any CPU.Build.0 = Release|Any CPU
		{12C3C747-5FCE-4DAA-8C83-F60C8F4E2C65}.Debug|Any CPU.ActiveCfg = Debug|Any CPU
		{12C3C747-5FCE-4DAA-8C83-F60C8F4E2C65}.Debug|Any CPU.Build.0 = Debug|Any CPU
		{12C3C747-5FCE-4DAA-8C83-F60C8F4E2C65}.Release|Any CPU.ActiveCfg = Release|Any CPU
		{12C3C747-5FCE-4DAA-8C83-F60C8F4E2C65}.Release|Any CPU.Build.0 = Release|Any CPU
		{B1D82709-35B5-4388-A321-3CAB1EE78906}.Debug|Any CPU.ActiveCfg = Debug|Any CPU
		{B1D82709-35B5-4388-A321-3CAB1EE78906}.Debug|Any CPU.Build.0 = Debug|Any CPU
		{B1D82709-35B5-4388-A321-3CAB1EE78906}.Release|Any CPU.ActiveCfg = Release|Any CPU
		{B1D82709-35B5-4388-A321-3CAB1EE78906}.Release|Any CPU.Build.0 = Release|Any CPU
		{A215E36A-80A1-4D64-A4B1-3C702EF9928B}.Debug|Any CPU.ActiveCfg = Debug|Any CPU
		{A215E36A-80A1-4D64-A4B1-3C702EF9928B}.Debug|Any CPU.Build.0 = Debug|Any CPU
		{A215E36A-80A1-4D64-A4B1-3C702EF9928B}.Release|Any CPU.ActiveCfg = Release|Any CPU
		{A215E36A-80A1-4D64-A4B1-3C702EF9928B}.Release|Any CPU.Build.0 = Release|Any CPU
		{34E2201C-FBCE-4861-B8BB-474D2768F9C3}.Debug|Any CPU.ActiveCfg = Debug|Any CPU
		{34E2201C-FBCE-4861-B8BB-474D2768F9C3}.Debug|Any CPU.Build.0 = Debug|Any CPU
		{34E2201C-FBCE-4861-B8BB-474D2768F9C3}.Release|Any CPU.ActiveCfg = Release|Any CPU
		{34E2201C-FBCE-4861-B8BB-474D2768F9C3}.Release|Any CPU.Build.0 = Release|Any CPU
	EndGlobalSection
	GlobalSection(SolutionProperties) = preSolution
		HideSolutionNode = FALSE
	EndGlobalSection
	GlobalSection(NestedProjects) = preSolution
		{8D0DE0CF-A745-4948-833D-49F5B6B87718} = {A0FD4A48-9626-459D-829E-7AEFCC835E16}
		{5426CFDA-4F8A-4F5D-BBEA-185F4ABADF6A} = {8D0DE0CF-A745-4948-833D-49F5B6B87718}
		{BDFACB74-F85C-4FB4-B6C0-082B481401AE} = {8D0DE0CF-A745-4948-833D-49F5B6B87718}
		{E08F87DF-3AF6-49C1-8DC3-7FD3E24666B7} = {8D0DE0CF-A745-4948-833D-49F5B6B87718}
		{B2980CCD-5609-4D53-A61C-6879B79A255F} = {8D0DE0CF-A745-4948-833D-49F5B6B87718}
		{902D1DEB-682B-46A9-9F62-A6092CF2938B} = {A0FD4A48-9626-459D-829E-7AEFCC835E16}
		{C4FA24DA-E410-40E8-8088-C61100D7CC7D} = {902D1DEB-682B-46A9-9F62-A6092CF2938B}
		{23B8E7F0-5C33-4875-93DB-5A71B0460C16} = {902D1DEB-682B-46A9-9F62-A6092CF2938B}
		{A26A1851-7226-45E3-B206-052F6693513C} = {902D1DEB-682B-46A9-9F62-A6092CF2938B}
		{21E74C3C-DD7D-4270-A136-395166688DB8} = {902D1DEB-682B-46A9-9F62-A6092CF2938B}
		{9BC71CB2-D8FB-473B-9C55-70F5D066EB16} = {A0FD4A48-9626-459D-829E-7AEFCC835E16}
		{8625D15C-E918-4C1A-8C35-615B61535D4F} = {9BC71CB2-D8FB-473B-9C55-70F5D066EB16}
		{1BBACA1A-6E14-4ECB-A2AA-15D65EC417BD} = {9BC71CB2-D8FB-473B-9C55-70F5D066EB16}
		{AE1ADE19-6EC3-46E0-96E7-EA41003BD6C6} = {9BC71CB2-D8FB-473B-9C55-70F5D066EB16}
		{0BDC1EB5-8767-4DA2-9817-4E310E65F714} = {9BC71CB2-D8FB-473B-9C55-70F5D066EB16}
		{BEA15324-E030-4E5E-A41D-D76F9B374534} = {902D1DEB-682B-46A9-9F62-A6092CF2938B}
		{40CBB7A1-A4E8-40B4-B4D0-BC587A802674} = {A0FD4A48-9626-459D-829E-7AEFCC835E16}
		{12C3C747-5FCE-4DAA-8C83-F60C8F4E2C65} = {40CBB7A1-A4E8-40B4-B4D0-BC587A802674}
		{B1D82709-35B5-4388-A321-3CAB1EE78906} = {40CBB7A1-A4E8-40B4-B4D0-BC587A802674}
		{A215E36A-80A1-4D64-A4B1-3C702EF9928B} = {40CBB7A1-A4E8-40B4-B4D0-BC587A802674}
		{34E2201C-FBCE-4861-B8BB-474D2768F9C3} = {40CBB7A1-A4E8-40B4-B4D0-BC587A802674}
	EndGlobalSection
	GlobalSection(ExtensibilityGlobals) = postSolution
		SolutionGuid = {0D1A4227-2DB5-4E5E-AD33-74C454587C74}
	EndGlobalSection
EndGlobal
