
Microsoft Visual Studio Solution File, Format Version 12.00
# Visual Studio Version 17
VisualStudioVersion = 17.10.34902.84
MinimumVisualStudioVersion = 10.0.40219.1
Project("{2150E333-8FDC-42A3-9474-1A3956D46DE8}") = "Services", "Services", "{A0FD4A48-9626-459D-829E-7AEFCC835E16}"
EndProject
Project("{2150E333-8FDC-42A3-9474-1A3956D46DE8}") = "Catalog", "Catalog", "{8D0DE0CF-A745-4948-833D-49F5B6B87718}"
EndProject
Project("{FAE04EC0-301F-11D3-BF4B-00C04F79EFBC}") = "Catalog.API", "Catalog\Catalog.API\Catalog.API.csproj", "{26B8CDF5-9EB7-4F11-BDDD-55CD1A86E9AA}"
EndProject
Project("{FAE04EC0-301F-11D3-BF4B-00C04F79EFBC}") = "Catalog.Core", "Catalog\Catalog.Core\Catalog.Core.csproj", "{09892E53-6740-4856-8A32-03B7EB135F10}"
EndProject
Project("{FAE04EC0-301F-11D3-BF4B-00C04F79EFBC}") = "Catalog.Application", "Catalog\Catalog.Application\Catalog.Application.csproj", "{73295FE1-2DBD-4416-9F3F-5386D55685F1}"
EndProject
Project("{FAE04EC0-301F-11D3-BF4B-00C04F79EFBC}") = "Catalog.Infrastructure", "Catalog\Catalog.Infrastructure\Catalog.Infrastructure.csproj", "{07F19A8E-B033-4448-96BD-7E6052711BFC}"
EndProject
Global
	GlobalSection(SolutionConfigurationPlatforms) = preSolution
		Debug|Any CPU = Debug|Any CPU
		Release|Any CPU = Release|Any CPU
	EndGlobalSection
	GlobalSection(ProjectConfigurationPlatforms) = postSolution
		{26B8CDF5-9EB7-4F11-BDDD-55CD1A86E9AA}.Debug|Any CPU.ActiveCfg = Debug|Any CPU
		{26B8CDF5-9EB7-4F11-BDDD-55CD1A86E9AA}.Debug|Any CPU.Build.0 = Debug|Any CPU
		{26B8CDF5-9EB7-4F11-BDDD-55CD1A86E9AA}.Release|Any CPU.ActiveCfg = Release|Any CPU
		{26B8CDF5-9EB7-4F11-BDDD-55CD1A86E9AA}.Release|Any CPU.Build.0 = Release|Any CPU
		{09892E53-6740-4856-8A32-03B7EB135F10}.Debug|Any CPU.ActiveCfg = Debug|Any CPU
		{09892E53-6740-4856-8A32-03B7EB135F10}.Debug|Any CPU.Build.0 = Debug|Any CPU
		{09892E53-6740-4856-8A32-03B7EB135F10}.Release|Any CPU.ActiveCfg = Release|Any CPU
		{09892E53-6740-4856-8A32-03B7EB135F10}.Release|Any CPU.Build.0 = Release|Any CPU
		{73295FE1-2DBD-4416-9F3F-5386D55685F1}.Debug|Any CPU.ActiveCfg = Debug|Any CPU
		{73295FE1-2DBD-4416-9F3F-5386D55685F1}.Debug|Any CPU.Build.0 = Debug|Any CPU
		{73295FE1-2DBD-4416-9F3F-5386D55685F1}.Release|Any CPU.ActiveCfg = Release|Any CPU
		{73295FE1-2DBD-4416-9F3F-5386D55685F1}.Release|Any CPU.Build.0 = Release|Any CPU
		{07F19A8E-B033-4448-96BD-7E6052711BFC}.Debug|Any CPU.ActiveCfg = Debug|Any CPU
		{07F19A8E-B033-4448-96BD-7E6052711BFC}.Debug|Any CPU.Build.0 = Debug|Any CPU
		{07F19A8E-B033-4448-96BD-7E6052711BFC}.Release|Any CPU.ActiveCfg = Release|Any CPU
		{07F19A8E-B033-4448-96BD-7E6052711BFC}.Release|Any CPU.Build.0 = Release|Any CPU
	EndGlobalSection
	GlobalSection(SolutionProperties) = preSolution
		HideSolutionNode = FALSE
	EndGlobalSection
	GlobalSection(NestedProjects) = preSolution
		{8D0DE0CF-A745-4948-833D-49F5B6B87718} = {A0FD4A48-9626-459D-829E-7AEFCC835E16}
		{26B8CDF5-9EB7-4F11-BDDD-55CD1A86E9AA} = {8D0DE0CF-A745-4948-833D-49F5B6B87718}
		{09892E53-6740-4856-8A32-03B7EB135F10} = {8D0DE0CF-A745-4948-833D-49F5B6B87718}
		{73295FE1-2DBD-4416-9F3F-5386D55685F1} = {8D0DE0CF-A745-4948-833D-49F5B6B87718}
		{07F19A8E-B033-4448-96BD-7E6052711BFC} = {8D0DE0CF-A745-4948-833D-49F5B6B87718}
	EndGlobalSection
	GlobalSection(ExtensibilityGlobals) = postSolution
		SolutionGuid = {0D1A4227-2DB5-4E5E-AD33-74C454587C74}
	EndGlobalSection
EndGlobal
